
Microsoft Visual Studio Solution File, Format Version 12.00
# Visual Studio Version 17
VisualStudioVersion = 17.1.32407.343
MinimumVisualStudioVersion = 10.0.40219.1
Project("{FAE04EC0-301F-11D3-BF4B-00C04F79EFBC}") = "LessonProj1", "LessonProj1\LessonProj1.csproj", "{CDADB53A-19B0-4C84-8FCB-F7C8A63F83CD}"
EndProject
Global
	GlobalSection(SolutionConfigurationPlatforms) = preSolution
		Debug|Any CPU = Debug|Any CPU
		Release|Any CPU = Release|Any CPU
	EndGlobalSection
	GlobalSection(ProjectConfigurationPlatforms) = postSolution
		{CDADB53A-19B0-4C84-8FCB-F7C8A63F83CD}.Debug|Any CPU.ActiveCfg = Debug|Any CPU
		{CDADB53A-19B0-4C84-8FCB-F7C8A63F83CD}.Debug|Any CPU.Build.0 = Debug|Any CPU
		{CDADB53A-19B0-4C84-8FCB-F7C8A63F83CD}.Release|Any CPU.ActiveCfg = Release|Any CPU
		{CDADB53A-19B0-4C84-8FCB-F7C8A63F83CD}.Release|Any CPU.Build.0 = Release|Any CPU
	EndGlobalSection
	GlobalSection(SolutionProperties) = preSolution
		HideSolutionNode = FALSE
	EndGlobalSection
	GlobalSection(ExtensibilityGlobals) = postSolution
		SolutionGuid = {F87BAE8D-F7ED-42C6-9250-FE9D98F198C3}
	EndGlobalSection
EndGlobal
