
Microsoft Visual Studio Solution File, Format Version 12.00
# Visual Studio Version 17
VisualStudioVersion = 17.1.32407.343
MinimumVisualStudioVersion = 10.0.40219.1
Project("{FAE04EC0-301F-11D3-BF4B-00C04F79EFBC}") = "LessonProj7", "LessonProj7\LessonProj7.csproj", "{C2B82F91-F0E6-4F15-A705-C5A6B6A7B21D}"
EndProject
Global
	GlobalSection(SolutionConfigurationPlatforms) = preSolution
		Debug|Any CPU = Debug|Any CPU
		Release|Any CPU = Release|Any CPU
	EndGlobalSection
	GlobalSection(ProjectConfigurationPlatforms) = postSolution
		{C2B82F91-F0E6-4F15-A705-C5A6B6A7B21D}.Debug|Any CPU.ActiveCfg = Debug|Any CPU
		{C2B82F91-F0E6-4F15-A705-C5A6B6A7B21D}.Debug|Any CPU.Build.0 = Debug|Any CPU
		{C2B82F91-F0E6-4F15-A705-C5A6B6A7B21D}.Release|Any CPU.ActiveCfg = Release|Any CPU
		{C2B82F91-F0E6-4F15-A705-C5A6B6A7B21D}.Release|Any CPU.Build.0 = Release|Any CPU
	EndGlobalSection
	GlobalSection(SolutionProperties) = preSolution
		HideSolutionNode = FALSE
	EndGlobalSection
	GlobalSection(ExtensibilityGlobals) = postSolution
		SolutionGuid = {99A89A84-150A-44F6-A38A-ADDC3B81E157}
	EndGlobalSection
EndGlobal
